{
  "requires": true,
  "lockfileVersion": 1,
  "dependencies": {
    "angular2-datatable": {
      "version": "0.6.0",
      "resolved": "https://registry.npmjs.org/angular2-datatable/-/angular2-datatable-0.6.0.tgz",
      "integrity": "sha1-ygCPdAh/DLh9pXCe0vLR0GF3JjI=",
      "requires": {
        "lodash": "4.17.10"
      }
    },
    "bootstrap": {
      "version": "4.1.1",
      "resolved": "https://registry.npmjs.org/bootstrap/-/bootstrap-4.1.1.tgz",
      "integrity": "sha512-SpiDSOcbg4J/PjVSt4ny5eY6j74VbVSjROY4Fb/WIUXBV9cnb5luyR4KnPvNoXuGnBK1T+nJIWqRsvU3yP8Mcg=="
    },
    "jquery": {
      "version": "3.3.1",
      "resolved": "https://registry.npmjs.org/jquery/-/jquery-3.3.1.tgz",
      "integrity": "sha512-Ubldcmxp5np52/ENotGxlLe6aGMvmF4R8S6tZjsP6Knsaxd/xp3Zrh50cG93lR6nPXyUFwzN3ZSOQI0wRJNdGg=="
    },
    "lodash": {
      "version": "4.17.10",
      "resolved": "https://registry.npmjs.org/lodash/-/lodash-4.17.10.tgz",
      "integrity": "sha512-UejweD1pDoXu+AD825lWwp4ZGtSwgnpZxb3JDViD7StjQz+Nb/6l093lx4OQ0foGWNRoc19mWy7BzL+UAK2iVg=="
    },
    "rxjs-compat": {
      "version": "6.2.1",
      "resolved": "https://registry.npmjs.org/rxjs-compat/-/rxjs-compat-6.2.1.tgz",
      "integrity": "sha512-Pst0lkAwVodBbBOIZic9aM1vY9asJ2u8GfKN115+goIH83PAlizJDyvixuxPAuQ1UtkmBuro7+0PqKQ3PSkhEg=="
    }
  }
}
